// !$*UTF8*$!
{
	archiveVersion = 1;
	classes = {
	};
	objectVersion = 46;
	objects = {

/* Begin PBXBuildFile section */
		659F6D6019162292004C3102 /* Foundation.framework in Frameworks */ = {isa = PBXBuildFile; fileRef = 659F6D5F19162292004C3102 /* Foundation.framework */; };
		659F6D6219162292004C3102 /* CoreGraphics.framework in Frameworks */ = {isa = PBXBuildFile; fileRef = 659F6D6119162292004C3102 /* CoreGraphics.framework */; };
		659F6D6419162292004C3102 /* UIKit.framework in Frameworks */ = {isa = PBXBuildFile; fileRef = 659F6D6319162292004C3102 /* UIKit.framework */; };
		659F6D6A19162292004C3102 /* InfoPlist.strings in Resources */ = {isa = PBXBuildFile; fileRef = 659F6D6819162292004C3102 /* InfoPlist.strings */; };
		659F6D6C19162292004C3102 /* main.m in Sources */ = {isa = PBXBuildFile; fileRef = 659F6D6B19162292004C3102 /* main.m */; };
		659F6D7019162292004C3102 /* AppDelegate.m in Sources */ = {isa = PBXBuildFile; fileRef = 659F6D6F19162292004C3102 /* AppDelegate.m */; };
		659F6D7319162292004C3102 /* Main.storyboard in Resources */ = {isa = PBXBuildFile; fileRef = 659F6D7119162292004C3102 /* Main.storyboard */; };
		659F6D7619162292004C3102 /* ViewController.m in Sources */ = {isa = PBXBuildFile; fileRef = 659F6D7519162292004C3102 /* ViewController.m */; };
		659F6D7819162292004C3102 /* Images.xcassets in Resources */ = {isa = PBXBuildFile; fileRef = 659F6D7719162292004C3102 /* Images.xcassets */; };
		659F6D7F19162292004C3102 /* XCTest.framework in Frameworks */ = {isa = PBXBuildFile; fileRef = 659F6D7E19162292004C3102 /* XCTest.framework */; };
		659F6D8019162292004C3102 /* Foundation.framework in Frameworks */ = {isa = PBXBuildFile; fileRef = 659F6D5F19162292004C3102 /* Foundation.framework */; };
		659F6D8119162292004C3102 /* UIKit.framework in Frameworks */ = {isa = PBXBuildFile; fileRef = 659F6D6319162292004C3102 /* UIKit.framework */; };
		659F6D8919162292004C3102 /* InfoPlist.strings in Resources */ = {isa = PBXBuildFile; fileRef = 659F6D8719162292004C3102 /* InfoPlist.strings */; };
		659F6D8B19162292004C3102 /* ArduinoTests.m in Sources */ = {isa = PBXBuildFile; fileRef = 659F6D8A19162292004C3102 /* ArduinoTests.m */; };
		65C8ECF8191DEDE2006906EC /* iPViewController.m in Sources */ = {isa = PBXBuildFile; fileRef = 65C8ECF7191DEDE2006906EC /* iPViewController.m */; };
		65FB984E1965043D005707C1 /* Base.png in Resources */ = {isa = PBXBuildFile; fileRef = 65FB984D1965043D005707C1 /* Base.png */; };
		65FB985319650577005707C1 /* left.png in Resources */ = {isa = PBXBuildFile; fileRef = 65FB984F19650577005707C1 /* left.png */; };
		65FB985619650577005707C1 /* fordward.png in Resources */ = {isa = PBXBuildFile; fileRef = 65FB985219650577005707C1 /* fordward.png */; };
		65FB9858196505CB005707C1 /* fordwardHold.png in Resources */ = {isa = PBXBuildFile; fileRef = 65FB9857196505CB005707C1 /* fordwardHold.png */; };
		65FB985B196506DD005707C1 /* right.png in Resources */ = {isa = PBXBuildFile; fileRef = 65FB9859196506DD005707C1 /* right.png */; };
		65FB985C196506DD005707C1 /* backward.png in Resources */ = {isa = PBXBuildFile; fileRef = 65FB985A196506DD005707C1 /* backward.png */; };
		65FB9860196507B3005707C1 /* backwardHold.png in Resources */ = {isa = PBXBuildFile; fileRef = 65FB985D196507B3005707C1 /* backwardHold.png */; };
		65FB9861196507B3005707C1 /* leftHold.png in Resources */ = {isa = PBXBuildFile; fileRef = 65FB985E196507B3005707C1 /* leftHold.png */; };
		65FB9862196507B3005707C1 /* rightHold.png in Resources */ = {isa = PBXBuildFile; fileRef = 65FB985F196507B3005707C1 /* rightHold.png */; };
		65FB9874196508B0005707C1 /* AppIcon29x29.png in Resources */ = {isa = PBXBuildFile; fileRef = 65FB9864196508B0005707C1 /* AppIcon29x29.png */; };
		65FB9875196508B0005707C1 /* AppIcon29x29@2x.png in Resources */ = {isa = PBXBuildFile; fileRef = 65FB9865196508B0005707C1 /* AppIcon29x29@2x.png */; };
		65FB9876196508B0005707C1 /* AppIcon40x40.png in Resources */ = {isa = PBXBuildFile; fileRef = 65FB9866196508B0005707C1 /* AppIcon40x40.png */; };
		65FB9877196508B0005707C1 /* AppIcon40x40@2x.png in Resources */ = {isa = PBXBuildFile; fileRef = 65FB9867196508B0005707C1 /* AppIcon40x40@2x.png */; };
		65FB9878196508B0005707C1 /* AppIcon50x50.png in Resources */ = {isa = PBXBuildFile; fileRef = 65FB9868196508B0005707C1 /* AppIcon50x50.png */; };
		65FB9879196508B0005707C1 /* AppIcon50x50@2x.png in Resources */ = {isa = PBXBuildFile; fileRef = 65FB9869196508B0005707C1 /* AppIcon50x50@2x.png */; };
		65FB987A196508B0005707C1 /* AppIcon57x57.png in Resources */ = {isa = PBXBuildFile; fileRef = 65FB986A196508B0005707C1 /* AppIcon57x57.png */; };
		65FB987B196508B0005707C1 /* AppIcon57x57@2x.png in Resources */ = {isa = PBXBuildFile; fileRef = 65FB986B196508B0005707C1 /* AppIcon57x57@2x.png */; };
		65FB987C196508B0005707C1 /* AppIcon60x60.png in Resources */ = {isa = PBXBuildFile; fileRef = 65FB986C196508B0005707C1 /* AppIcon60x60.png */; };
		65FB987D196508B0005707C1 /* AppIcon60x60@2x.png in Resources */ = {isa = PBXBuildFile; fileRef = 65FB986D196508B0005707C1 /* AppIcon60x60@2x.png */; };
		65FB987E196508B0005707C1 /* AppIcon72x72.png in Resources */ = {isa = PBXBuildFile; fileRef = 65FB986E196508B0005707C1 /* AppIcon72x72.png */; };
		65FB987F196508B0005707C1 /* AppIcon72x72@2x.png in Resources */ = {isa = PBXBuildFile; fileRef = 65FB986F196508B0005707C1 /* AppIcon72x72@2x.png */; };
		65FB9880196508B0005707C1 /* AppIcon76x76.png in Resources */ = {isa = PBXBuildFile; fileRef = 65FB9870196508B0005707C1 /* AppIcon76x76.png */; };
		65FB9881196508B0005707C1 /* AppIcon76x76@2x.png in Resources */ = {isa = PBXBuildFile; fileRef = 65FB9871196508B0005707C1 /* AppIcon76x76@2x.png */; };
		65FB9882196508B0005707C1 /* iTunesArtwork.png in Resources */ = {isa = PBXBuildFile; fileRef = 65FB9872196508B0005707C1 /* iTunesArtwork.png */; };
		65FB9883196508B0005707C1 /* iTunesArtwork@2x.png in Resources */ = {isa = PBXBuildFile; fileRef = 65FB9873196508B0005707C1 /* iTunesArtwork@2x.png */; };
/* End PBXBuildFile section */

/* Begin PBXContainerItemProxy section */
		659F6D8219162292004C3102 /* PBXContainerItemProxy */ = {
			isa = PBXContainerItemProxy;
			containerPortal = 659F6D5419162292004C3102 /* Project object */;
			proxyType = 1;
			remoteGlobalIDString = 659F6D5B19162292004C3102;
			remoteInfo = Arduino;
		};
/* End PBXContainerItemProxy section */

/* Begin PBXFileReference section */
		659F6D5C19162292004C3102 /* Arduino.app */ = {isa = PBXFileReference; explicitFileType = wrapper.application; includeInIndex = 0; path = Arduino.app; sourceTree = BUILT_PRODUCTS_DIR; };
		659F6D5F19162292004C3102 /* Foundation.framework */ = {isa = PBXFileReference; lastKnownFileType = wrapper.framework; name = Foundation.framework; path = System/Library/Frameworks/Foundation.framework; sourceTree = SDKROOT; };
		659F6D6119162292004C3102 /* CoreGraphics.framework */ = {isa = PBXFileReference; lastKnownFileType = wrapper.framework; name = CoreGraphics.framework; path = System/Library/Frameworks/CoreGraphics.framework; sourceTree = SDKROOT; };
		659F6D6319162292004C3102 /* UIKit.framework */ = {isa = PBXFileReference; lastKnownFileType = wrapper.framework; name = UIKit.framework; path = System/Library/Frameworks/UIKit.framework; sourceTree = SDKROOT; };
		659F6D6719162292004C3102 /* Arduino-Info.plist */ = {isa = PBXFileReference; lastKnownFileType = text.plist.xml; path = "Arduino-Info.plist"; sourceTree = "<group>"; };
		659F6D6919162292004C3102 /* en */ = {isa = PBXFileReference; lastKnownFileType = text.plist.strings; name = en; path = en.lproj/InfoPlist.strings; sourceTree = "<group>"; };
		659F6D6B19162292004C3102 /* main.m */ = {isa = PBXFileReference; lastKnownFileType = sourcecode.c.objc; path = main.m; sourceTree = "<group>"; };
		659F6D6D19162292004C3102 /* Arduino-Prefix.pch */ = {isa = PBXFileReference; lastKnownFileType = sourcecode.c.h; path = "Arduino-Prefix.pch"; sourceTree = "<group>"; };
		659F6D6E19162292004C3102 /* AppDelegate.h */ = {isa = PBXFileReference; lastKnownFileType = sourcecode.c.h; path = AppDelegate.h; sourceTree = "<group>"; };
		659F6D6F19162292004C3102 /* AppDelegate.m */ = {isa = PBXFileReference; lastKnownFileType = sourcecode.c.objc; path = AppDelegate.m; sourceTree = "<group>"; };
		659F6D7219162292004C3102 /* Base */ = {isa = PBXFileReference; lastKnownFileType = file.storyboard; name = Base; path = Base.lproj/Main.storyboard; sourceTree = "<group>"; };
		659F6D7419162292004C3102 /* ViewController.h */ = {isa = PBXFileReference; lastKnownFileType = sourcecode.c.h; path = ViewController.h; sourceTree = "<group>"; };
		659F6D7519162292004C3102 /* ViewController.m */ = {isa = PBXFileReference; lastKnownFileType = sourcecode.c.objc; path = ViewController.m; sourceTree = "<group>"; };
		659F6D7719162292004C3102 /* Images.xcassets */ = {isa = PBXFileReference; lastKnownFileType = folder.assetcatalog; path = Images.xcassets; sourceTree = "<group>"; };
		659F6D7D19162292004C3102 /* ArduinoTests.xctest */ = {isa = PBXFileReference; explicitFileType = wrapper.cfbundle; includeInIndex = 0; path = ArduinoTests.xctest; sourceTree = BUILT_PRODUCTS_DIR; };
		659F6D7E19162292004C3102 /* XCTest.framework */ = {isa = PBXFileReference; lastKnownFileType = wrapper.framework; name = XCTest.framework; path = Library/Frameworks/XCTest.framework; sourceTree = DEVELOPER_DIR; };
		659F6D8619162292004C3102 /* ArduinoTests-Info.plist */ = {isa = PBXFileReference; lastKnownFileType = text.plist.xml; path = "ArduinoTests-Info.plist"; sourceTree = "<group>"; };
		659F6D8819162292004C3102 /* en */ = {isa = PBXFileReference; lastKnownFileType = text.plist.strings; name = en; path = en.lproj/InfoPlist.strings; sourceTree = "<group>"; };
		659F6D8A19162292004C3102 /* ArduinoTests.m */ = {isa = PBXFileReference; lastKnownFileType = sourcecode.c.objc; path = ArduinoTests.m; sourceTree = "<group>"; };
		65C8ECF6191DEDE2006906EC /* iPViewController.h */ = {isa = PBXFileReference; fileEncoding = 4; lastKnownFileType = sourcecode.c.h; name = iPViewController.h; path = ../iPViewController.h; sourceTree = "<group>"; };
		65C8ECF7191DEDE2006906EC /* iPViewController.m */ = {isa = PBXFileReference; fileEncoding = 4; lastKnownFileType = sourcecode.c.objc; name = iPViewController.m; path = ../iPViewController.m; sourceTree = "<group>"; };
		65FB984D1965043D005707C1 /* Base.png */ = {isa = PBXFileReference; lastKnownFileType = image.png; path = Base.png; sourceTree = "<group>"; };
		65FB984F19650577005707C1 /* left.png */ = {isa = PBXFileReference; lastKnownFileType = image.png; path = left.png; sourceTree = "<group>"; };
		65FB985219650577005707C1 /* fordward.png */ = {isa = PBXFileReference; lastKnownFileType = image.png; path = fordward.png; sourceTree = "<group>"; };
		65FB9857196505CB005707C1 /* fordwardHold.png */ = {isa = PBXFileReference; lastKnownFileType = image.png; path = fordwardHold.png; sourceTree = "<group>"; };
		65FB9859196506DD005707C1 /* right.png */ = {isa = PBXFileReference; lastKnownFileType = image.png; path = right.png; sourceTree = "<group>"; };
		65FB985A196506DD005707C1 /* backward.png */ = {isa = PBXFileReference; lastKnownFileType = image.png; path = backward.png; sourceTree = "<group>"; };
		65FB985D196507B3005707C1 /* backwardHold.png */ = {isa = PBXFileReference; lastKnownFileType = image.png; path = backwardHold.png; sourceTree = "<group>"; };
		65FB985E196507B3005707C1 /* leftHold.png */ = {isa = PBXFileReference; lastKnownFileType = image.png; path = leftHold.png; sourceTree = "<group>"; };
		65FB985F196507B3005707C1 /* rightHold.png */ = {isa = PBXFileReference; lastKnownFileType = image.png; path = rightHold.png; sourceTree = "<group>"; };
		65FB9864196508B0005707C1 /* AppIcon29x29.png */ = {isa = PBXFileReference; lastKnownFileType = image.png; path = AppIcon29x29.png; sourceTree = "<group>"; };
		65FB9865196508B0005707C1 /* AppIcon29x29@2x.png */ = {isa = PBXFileReference; lastKnownFileType = image.png; path = "AppIcon29x29@2x.png"; sourceTree = "<group>"; };
		65FB9866196508B0005707C1 /* AppIcon40x40.png */ = {isa = PBXFileReference; lastKnownFileType = image.png; path = AppIcon40x40.png; sourceTree = "<group>"; };
		65FB9867196508B0005707C1 /* AppIcon40x40@2x.png */ = {isa = PBXFileReference; lastKnownFileType = image.png; path = "AppIcon40x40@2x.png"; sourceTree = "<group>"; };
		65FB9868196508B0005707C1 /* AppIcon50x50.png */ = {isa = PBXFileReference; lastKnownFileType = image.png; path = AppIcon50x50.png; sourceTree = "<group>"; };
		65FB9869196508B0005707C1 /* AppIcon50x50@2x.png */ = {isa = PBXFileReference; lastKnownFileType = image.png; path = "AppIcon50x50@2x.png"; sourceTree = "<group>"; };
		65FB986A196508B0005707C1 /* AppIcon57x57.png */ = {isa = PBXFileReference; lastKnownFileType = image.png; path = AppIcon57x57.png; sourceTree = "<group>"; };
		65FB986B196508B0005707C1 /* AppIcon57x57@2x.png */ = {isa = PBXFileReference; lastKnownFileType = image.png; path = "AppIcon57x57@2x.png"; sourceTree = "<group>"; };
		65FB986C196508B0005707C1 /* AppIcon60x60.png */ = {isa = PBXFileReference; lastKnownFileType = image.png; path = AppIcon60x60.png; sourceTree = "<group>"; };
		65FB986D196508B0005707C1 /* AppIcon60x60@2x.png */ = {isa = PBXFileReference; lastKnownFileType = image.png; path = "AppIcon60x60@2x.png"; sourceTree = "<group>"; };
		65FB986E196508B0005707C1 /* AppIcon72x72.png */ = {isa = PBXFileReference; lastKnownFileType = image.png; path = AppIcon72x72.png; sourceTree = "<group>"; };
		65FB986F196508B0005707C1 /* AppIcon72x72@2x.png */ = {isa = PBXFileReference; lastKnownFileType = image.png; path = "AppIcon72x72@2x.png"; sourceTree = "<group>"; };
		65FB9870196508B0005707C1 /* AppIcon76x76.png */ = {isa = PBXFileReference; lastKnownFileType = image.png; path = AppIcon76x76.png; sourceTree = "<group>"; };
		65FB9871196508B0005707C1 /* AppIcon76x76@2x.png */ = {isa = PBXFileReference; lastKnownFileType = image.png; path = "AppIcon76x76@2x.png"; sourceTree = "<group>"; };
		65FB9872196508B0005707C1 /* iTunesArtwork.png */ = {isa = PBXFileReference; lastKnownFileType = image.png; path = iTunesArtwork.png; sourceTree = "<group>"; };
		65FB9873196508B0005707C1 /* iTunesArtwork@2x.png */ = {isa = PBXFileReference; lastKnownFileType = image.png; path = "iTunesArtwork@2x.png"; sourceTree = "<group>"; };
/* End PBXFileReference section */

/* Begin PBXFrameworksBuildPhase section */
		659F6D5919162292004C3102 /* Frameworks */ = {
			isa = PBXFrameworksBuildPhase;
			buildActionMask = 2147483647;
			files = (
				659F6D6219162292004C3102 /* CoreGraphics.framework in Frameworks */,
				659F6D6419162292004C3102 /* UIKit.framework in Frameworks */,
				659F6D6019162292004C3102 /* Foundation.framework in Frameworks */,
			);
			runOnlyForDeploymentPostprocessing = 0;
		};
		659F6D7A19162292004C3102 /* Frameworks */ = {
			isa = PBXFrameworksBuildPhase;
			buildActionMask = 2147483647;
			files = (
				659F6D7F19162292004C3102 /* XCTest.framework in Frameworks */,
				659F6D8119162292004C3102 /* UIKit.framework in Frameworks */,
				659F6D8019162292004C3102 /* Foundation.framework in Frameworks */,
			);
			runOnlyForDeploymentPostprocessing = 0;
		};
/* End PBXFrameworksBuildPhase section */

/* Begin PBXGroup section */
		659F6D5319162292004C3102 = {
			isa = PBXGroup;
			children = (
				659F6D6519162292004C3102 /* Arduino */,
				659F6D8419162292004C3102 /* ArduinoTests */,
				659F6D5E19162292004C3102 /* Frameworks */,
				659F6D5D19162292004C3102 /* Products */,
			);
			sourceTree = "<group>";
		};
		659F6D5D19162292004C3102 /* Products */ = {
			isa = PBXGroup;
			children = (
				659F6D5C19162292004C3102 /* Arduino.app */,
				659F6D7D19162292004C3102 /* ArduinoTests.xctest */,
			);
			name = Products;
			sourceTree = "<group>";
		};
		659F6D5E19162292004C3102 /* Frameworks */ = {
			isa = PBXGroup;
			children = (
				659F6D5F19162292004C3102 /* Foundation.framework */,
				659F6D6119162292004C3102 /* CoreGraphics.framework */,
				659F6D6319162292004C3102 /* UIKit.framework */,
				659F6D7E19162292004C3102 /* XCTest.framework */,
			);
			name = Frameworks;
			sourceTree = "<group>";
		};
		659F6D6519162292004C3102 /* Arduino */ = {
			isa = PBXGroup;
			children = (
				659F6D6E19162292004C3102 /* AppDelegate.h */,
				659F6D6F19162292004C3102 /* AppDelegate.m */,
				659F6D7119162292004C3102 /* Main.storyboard */,
				65C8ECF6191DEDE2006906EC /* iPViewController.h */,
				65C8ECF7191DEDE2006906EC /* iPViewController.m */,
				659F6D7419162292004C3102 /* ViewController.h */,
				659F6D7519162292004C3102 /* ViewController.m */,
				65FB984D1965043D005707C1 /* Base.png */,
				65FB984F19650577005707C1 /* left.png */,
				65FB985219650577005707C1 /* fordward.png */,
				65FB9857196505CB005707C1 /* fordwardHold.png */,
				65FB9859196506DD005707C1 /* right.png */,
				65FB985A196506DD005707C1 /* backward.png */,
				65FB985D196507B3005707C1 /* backwardHold.png */,
				65FB985E196507B3005707C1 /* leftHold.png */,
				65FB985F196507B3005707C1 /* rightHold.png */,
				65FB9863196508B0005707C1 /* App Icon [Rounded] */,
				659F6D7719162292004C3102 /* Images.xcassets */,
				659F6D6619162292004C3102 /* Supporting Files */,
			);
			path = Arduino;
			sourceTree = "<group>";
		};
		659F6D6619162292004C3102 /* Supporting Files */ = {
			isa = PBXGroup;
			children = (
				659F6D6719162292004C3102 /* Arduino-Info.plist */,
				659F6D6819162292004C3102 /* InfoPlist.strings */,
				659F6D6B19162292004C3102 /* main.m */,
				659F6D6D19162292004C3102 /* Arduino-Prefix.pch */,
			);
			name = "Supporting Files";
			sourceTree = "<group>";
		};
		659F6D8419162292004C3102 /* ArduinoTests */ = {
			isa = PBXGroup;
			children = (
				659F6D8A19162292004C3102 /* ArduinoTests.m */,
				659F6D8519162292004C3102 /* Supporting Files */,
			);
			path = ArduinoTests;
			sourceTree = "<group>";
		};
		659F6D8519162292004C3102 /* Supporting Files */ = {
			isa = PBXGroup;
			children = (
				659F6D8619162292004C3102 /* ArduinoTests-Info.plist */,
				659F6D8719162292004C3102 /* InfoPlist.strings */,
			);
			name = "Supporting Files";
			sourceTree = "<group>";
		};
		65FB9863196508B0005707C1 /* App Icon [Rounded] */ = {
			isa = PBXGroup;
			children = (
				65FB9864196508B0005707C1 /* AppIcon29x29.png */,
				65FB9865196508B0005707C1 /* AppIcon29x29@2x.png */,
				65FB9866196508B0005707C1 /* AppIcon40x40.png */,
				65FB9867196508B0005707C1 /* AppIcon40x40@2x.png */,
				65FB9868196508B0005707C1 /* AppIcon50x50.png */,
				65FB9869196508B0005707C1 /* AppIcon50x50@2x.png */,
				65FB986A196508B0005707C1 /* AppIcon57x57.png */,
				65FB986B196508B0005707C1 /* AppIcon57x57@2x.png */,
				65FB986C196508B0005707C1 /* AppIcon60x60.png */,
				65FB986D196508B0005707C1 /* AppIcon60x60@2x.png */,
				65FB986E196508B0005707C1 /* AppIcon72x72.png */,
				65FB986F196508B0005707C1 /* AppIcon72x72@2x.png */,
				65FB9870196508B0005707C1 /* AppIcon76x76.png */,
				65FB9871196508B0005707C1 /* AppIcon76x76@2x.png */,
				65FB9872196508B0005707C1 /* iTunesArtwork.png */,
				65FB9873196508B0005707C1 /* iTunesArtwork@2x.png */,
			);
			path = "App Icon [Rounded]";
			sourceTree = "<group>";
		};
/* End PBXGroup section */

/* Begin PBXNativeTarget section */
		659F6D5B19162292004C3102 /* Arduino */ = {
			isa = PBXNativeTarget;
			buildConfigurationList = 659F6D8E19162292004C3102 /* Build configuration list for PBXNativeTarget "Arduino" */;
			buildPhases = (
				659F6D5819162292004C3102 /* Sources */,
				659F6D5919162292004C3102 /* Frameworks */,
				659F6D5A19162292004C3102 /* Resources */,
			);
			buildRules = (
			);
			dependencies = (
			);
			name = Arduino;
			productName = Arduino;
			productReference = 659F6D5C19162292004C3102 /* Arduino.app */;
			productType = "com.apple.product-type.application";
		};
		659F6D7C19162292004C3102 /* ArduinoTests */ = {
			isa = PBXNativeTarget;
			buildConfigurationList = 659F6D9119162292004C3102 /* Build configuration list for PBXNativeTarget "ArduinoTests" */;
			buildPhases = (
				659F6D7919162292004C3102 /* Sources */,
				659F6D7A19162292004C3102 /* Frameworks */,
				659F6D7B19162292004C3102 /* Resources */,
			);
			buildRules = (
			);
			dependencies = (
				659F6D8319162292004C3102 /* PBXTargetDependency */,
			);
			name = ArduinoTests;
			productName = ArduinoTests;
			productReference = 659F6D7D19162292004C3102 /* ArduinoTests.xctest */;
			productType = "com.apple.product-type.bundle.unit-test";
		};
/* End PBXNativeTarget section */

/* Begin PBXProject section */
		659F6D5419162292004C3102 /* Project object */ = {
			isa = PBXProject;
			attributes = {
				LastUpgradeCheck = 0510;
				ORGANIZATIONNAME = "Daniel Roble";
				TargetAttributes = {
					659F6D5B19162292004C3102 = {
						DevelopmentTeam = V7989E6T3U;
					};
					659F6D7C19162292004C3102 = {
						TestTargetID = 659F6D5B19162292004C3102;
					};
				};
			};
			buildConfigurationList = 659F6D5719162292004C3102 /* Build configuration list for PBXProject "Arduino" */;
			compatibilityVersion = "Xcode 3.2";
			developmentRegion = English;
			hasScannedForEncodings = 0;
			knownRegions = (
				en,
				Base,
			);
			mainGroup = 659F6D5319162292004C3102;
			productRefGroup = 659F6D5D19162292004C3102 /* Products */;
			projectDirPath = "";
			projectRoot = "";
			targets = (
				659F6D5B19162292004C3102 /* Arduino */,
				659F6D7C19162292004C3102 /* ArduinoTests */,
			);
		};
/* End PBXProject section */

/* Begin PBXResourcesBuildPhase section */
		659F6D5A19162292004C3102 /* Resources */ = {
			isa = PBXResourcesBuildPhase;
			buildActionMask = 2147483647;
			files = (
				65FB985619650577005707C1 /* fordward.png in Resources */,
				659F6D7819162292004C3102 /* Images.xcassets in Resources */,
				65FB985B196506DD005707C1 /* right.png in Resources */,
				65FB987E196508B0005707C1 /* AppIcon72x72.png in Resources */,
				65FB987A196508B0005707C1 /* AppIcon57x57.png in Resources */,
				65FB987D196508B0005707C1 /* AppIcon60x60@2x.png in Resources */,
				65FB9860196507B3005707C1 /* backwardHold.png in Resources */,
				65FB9878196508B0005707C1 /* AppIcon50x50.png in Resources */,
				65FB987B196508B0005707C1 /* AppIcon57x57@2x.png in Resources */,
				65FB985319650577005707C1 /* left.png in Resources */,
				65FB9881196508B0005707C1 /* AppIcon76x76@2x.png in Resources */,
				65FB9862196507B3005707C1 /* rightHold.png in Resources */,
				65FB985C196506DD005707C1 /* backward.png in Resources */,
				65FB9876196508B0005707C1 /* AppIcon40x40.png in Resources */,
				659F6D6A19162292004C3102 /* InfoPlist.strings in Resources */,
				65FB9882196508B0005707C1 /* iTunesArtwork.png in Resources */,
				65FB9858196505CB005707C1 /* fordwardHold.png in Resources */,
				65FB9877196508B0005707C1 /* AppIcon40x40@2x.png in Resources */,
				65FB984E1965043D005707C1 /* Base.png in Resources */,
				65FB9875196508B0005707C1 /* AppIcon29x29@2x.png in Resources */,
				65FB987C196508B0005707C1 /* AppIcon60x60.png in Resources */,
				65FB9880196508B0005707C1 /* AppIcon76x76.png in Resources */,
				65FB9879196508B0005707C1 /* AppIcon50x50@2x.png in Resources */,
				65FB9883196508B0005707C1 /* iTunesArtwork@2x.png in Resources */,
				65FB987F196508B0005707C1 /* AppIcon72x72@2x.png in Resources */,
				65FB9861196507B3005707C1 /* leftHold.png in Resources */,
				65FB9874196508B0005707C1 /* AppIcon29x29.png in Resources */,
				659F6D7319162292004C3102 /* Main.storyboard in Resources */,
			);
			runOnlyForDeploymentPostprocessing = 0;
		};
		659F6D7B19162292004C3102 /* Resources */ = {
			isa = PBXResourcesBuildPhase;
			buildActionMask = 2147483647;
			files = (
				659F6D8919162292004C3102 /* InfoPlist.strings in Resources */,
			);
			runOnlyForDeploymentPostprocessing = 0;
		};
/* End PBXResourcesBuildPhase section */

/* Begin PBXSourcesBuildPhase section */
		659F6D5819162292004C3102 /* Sources */ = {
			isa = PBXSourcesBuildPhase;
			buildActionMask = 2147483647;
			files = (
				659F6D7619162292004C3102 /* ViewController.m in Sources */,
				65C8ECF8191DEDE2006906EC /* iPViewController.m in Sources */,
				659F6D7019162292004C3102 /* AppDelegate.m in Sources */,
				659F6D6C19162292004C3102 /* main.m in Sources */,
			);
			runOnlyForDeploymentPostprocessing = 0;
		};
		659F6D7919162292004C3102 /* Sources */ = {
			isa = PBXSourcesBuildPhase;
			buildActionMask = 2147483647;
			files = (
				659F6D8B19162292004C3102 /* ArduinoTests.m in Sources */,
			);
			runOnlyForDeploymentPostprocessing = 0;
		};
/* End PBXSourcesBuildPhase section */

/* Begin PBXTargetDependency section */
		659F6D8319162292004C3102 /* PBXTargetDependency */ = {
			isa = PBXTargetDependency;
			target = 659F6D5B19162292004C3102 /* Arduino */;
			targetProxy = 659F6D8219162292004C3102 /* PBXContainerItemProxy */;
		};
/* End PBXTargetDependency section */

/* Begin PBXVariantGroup section */
		659F6D6819162292004C3102 /* InfoPlist.strings */ = {
			isa = PBXVariantGroup;
			children = (
				659F6D6919162292004C3102 /* en */,
			);
			name = InfoPlist.strings;
			sourceTree = "<group>";
		};
		659F6D7119162292004C3102 /* Main.storyboard */ = {
			isa = PBXVariantGroup;
			children = (
				659F6D7219162292004C3102 /* Base */,
			);
			name = Main.storyboard;
			sourceTree = "<group>";
		};
		659F6D8719162292004C3102 /* InfoPlist.strings */ = {
			isa = PBXVariantGroup;
			children = (
				659F6D8819162292004C3102 /* en */,
			);
			name = InfoPlist.strings;
			sourceTree = "<group>";
		};
/* End PBXVariantGroup section */

/* Begin XCBuildConfiguration section */
		659F6D8C19162292004C3102 /* Debug */ = {
			isa = XCBuildConfiguration;
			buildSettings = {
				ALWAYS_SEARCH_USER_PATHS = NO;
				CLANG_CXX_LANGUAGE_STANDARD = "gnu++0x";
				CLANG_CXX_LIBRARY = "libc++";
				CLANG_ENABLE_MODULES = YES;
				CLANG_ENABLE_OBJC_ARC = YES;
				CLANG_WARN_BOOL_CONVERSION = YES;
				CLANG_WARN_CONSTANT_CONVERSION = YES;
				CLANG_WARN_DIRECT_OBJC_ISA_USAGE = YES_ERROR;
				CLANG_WARN_EMPTY_BODY = YES;
				CLANG_WARN_ENUM_CONVERSION = YES;
				CLANG_WARN_INT_CONVERSION = YES;
				CLANG_WARN_OBJC_ROOT_CLASS = YES_ERROR;
				CLANG_WARN__DUPLICATE_METHOD_MATCH = YES;
				"CODE_SIGN_IDENTITY[sdk=iphoneos*]" = "iPhone Developer";
				COPY_PHASE_STRIP = NO;
				GCC_C_LANGUAGE_STANDARD = gnu99;
				GCC_DYNAMIC_NO_PIC = NO;
				GCC_OPTIMIZATION_LEVEL = 0;
				GCC_PREPROCESSOR_DEFINITIONS = (
					"DEBUG=1",
					"$(inherited)",
				);
				GCC_SYMBOLS_PRIVATE_EXTERN = NO;
				GCC_WARN_64_TO_32_BIT_CONVERSION = YES;
				GCC_WARN_ABOUT_RETURN_TYPE = YES_ERROR;
				GCC_WARN_UNDECLARED_SELECTOR = YES;
				GCC_WARN_UNINITIALIZED_AUTOS = YES_AGGRESSIVE;
				GCC_WARN_UNUSED_FUNCTION = YES;
				GCC_WARN_UNUSED_VARIABLE = YES;
				IPHONEOS_DEPLOYMENT_TARGET = 7.1;
				ONLY_ACTIVE_ARCH = YES;
				PROVISIONING_PROFILE = "B76E3191-725A-4410-948D-813120C1FAA4";
				SDKROOT = iphoneos;
			};
			name = Debug;
		};
		659F6D8D19162292004C3102 /* Release */ = {
			isa = XCBuildConfiguration;
			buildSettings = {
				ALWAYS_SEARCH_USER_PATHS = NO;
				CLANG_CXX_LANGUAGE_STANDARD = "gnu++0x";
				CLANG_CXX_LIBRARY = "libc++";
				CLANG_ENABLE_MODULES = YES;
				CLANG_ENABLE_OBJC_ARC = YES;
				CLANG_WARN_BOOL_CONVERSION = YES;
				CLANG_WARN_CONSTANT_CONVERSION = YES;
				CLANG_WARN_DIRECT_OBJC_ISA_USAGE = YES_ERROR;
				CLANG_WARN_EMPTY_BODY = YES;
				CLANG_WARN_ENUM_CONVERSION = YES;
				CLANG_WARN_INT_CONVERSION = YES;
				CLANG_WARN_OBJC_ROOT_CLASS = YES_ERROR;
				CLANG_WARN__DUPLICATE_METHOD_MATCH = YES;
				"CODE_SIGN_IDENTITY[sdk=iphoneos*]" = "iPhone Developer";
				COPY_PHASE_STRIP = YES;
				ENABLE_NS_ASSERTIONS = NO;
				GCC_C_LANGUAGE_STANDARD = gnu99;
				GCC_WARN_64_TO_32_BIT_CONVERSION = YES;
				GCC_WARN_ABOUT_RETURN_TYPE = YES_ERROR;
				GCC_WARN_UNDECLARED_SELECTOR = YES;
				GCC_WARN_UNINITIALIZED_AUTOS = YES_AGGRESSIVE;
				GCC_WARN_UNUSED_FUNCTION = YES;
				GCC_WARN_UNUSED_VARIABLE = YES;
				IPHONEOS_DEPLOYMENT_TARGET = 7.1;
				PROVISIONING_PROFILE = "B76E3191-725A-4410-948D-813120C1FAA4";
				SDKROOT = iphoneos;
				VALIDATE_PRODUCT = YES;
			};
			name = Release;
		};
		659F6D8F19162292004C3102 /* Debug */ = {
			isa = XCBuildConfiguration;
			buildSettings = {
				ASSETCATALOG_COMPILER_APPICON_NAME = AppIcon;
				ASSETCATALOG_COMPILER_LAUNCHIMAGE_NAME = LaunchImage;
				CODE_SIGN_IDENTITY = "iPhone Developer";
				GCC_PRECOMPILE_PREFIX_HEADER = YES;
				GCC_PREFIX_HEADER = "Arduino/Arduino-Prefix.pch";
				INFOPLIST_FILE = "Arduino/Arduino-Info.plist";
				PRODUCT_NAME = "$(TARGET_NAME)";
				PROVISIONING_PROFILE = "B76E3191-725A-4410-948D-813120C1FAA4";
				WRAPPER_EXTENSION = app;
			};
			name = Debug;
		};
		659F6D9019162292004C3102 /* Release */ = {
			isa = XCBuildConfiguration;
			buildSettings = {
				ASSETCATALOG_COMPILER_APPICON_NAME = AppIcon;
				ASSETCATALOG_COMPILER_LAUNCHIMAGE_NAME = LaunchImage;
				CODE_SIGN_IDENTITY = "iPhone Developer";
				GCC_PRECOMPILE_PREFIX_HEADER = YES;
				GCC_PREFIX_HEADER = "Arduino/Arduino-Prefix.pch";
				INFOPLIST_FILE = "Arduino/Arduino-Info.plist";
				PRODUCT_NAME = "$(TARGET_NAME)";
				PROVISIONING_PROFILE = "B76E3191-725A-4410-948D-813120C1FAA4";
				WRAPPER_EXTENSION = app;
			};
			name = Release;
		};
		659F6D9219162292004C3102 /* Debug */ = {
			isa = XCBuildConfiguration;
			buildSettings = {
				BUNDLE_LOADER = "$(BUILT_PRODUCTS_DIR)/Arduino.app/Arduino";
				FRAMEWORK_SEARCH_PATHS = (
					"$(SDKROOT)/Developer/Library/Frameworks",
					"$(inherited)",
					"$(DEVELOPER_FRAMEWORKS_DIR)",
				);
				GCC_PRECOMPILE_PREFIX_HEADER = YES;
				GCC_PREFIX_HEADER = "Arduino/Arduino-Prefix.pch";
				GCC_PREPROCESSOR_DEFINITIONS = (
					"DEBUG=1",
					"$(inherited)",
				);
				INFOPLIST_FILE = "ArduinoTests/ArduinoTests-Info.plist";
				PRODUCT_NAME = "$(TARGET_NAME)";
				TEST_HOST = "$(BUNDLE_LOADER)";
				WRAPPER_EXTENSION = xctest;
			};
			name = Debug;
		};
		659F6D9319162292004C3102 /* Release */ = {
			isa = XCBuildConfiguration;
			buildSettings = {
				BUNDLE_LOADER = "$(BUILT_PRODUCTS_DIR)/Arduino.app/Arduino";
				FRAMEWORK_SEARCH_PATHS = (
					"$(SDKROOT)/Developer/Library/Frameworks",
					"$(inherited)",
					"$(DEVELOPER_FRAMEWORKS_DIR)",
				);
				GCC_PRECOMPILE_PREFIX_HEADER = YES;
				GCC_PREFIX_HEADER = "Arduino/Arduino-Prefix.pch";
				INFOPLIST_FILE = "ArduinoTests/ArduinoTests-Info.plist";
				PRODUCT_NAME = "$(TARGET_NAME)";
				TEST_HOST = "$(BUNDLE_LOADER)";
				WRAPPER_EXTENSION = xctest;
			};
			name = Release;
		};
/* End XCBuildConfiguration section */

/* Begin XCConfigurationList section */
		659F6D5719162292004C3102 /* Build configuration list for PBXProject "Arduino" */ = {
			isa = XCConfigurationList;
			buildConfigurations = (
				659F6D8C19162292004C3102 /* Debug */,
				659F6D8D19162292004C3102 /* Release */,
			);
			defaultConfigurationIsVisible = 0;
			defaultConfigurationName = Release;
		};
		659F6D8E19162292004C3102 /* Build configuration list for PBXNativeTarget "Arduino" */ = {
			isa = XCConfigurationList;
			buildConfigurations = (
				659F6D8F19162292004C3102 /* Debug */,
				659F6D9019162292004C3102 /* Release */,
			);
			defaultConfigurationIsVisible = 0;
			defaultConfigurationName = Release;
		};
		659F6D9119162292004C3102 /* Build configuration list for PBXNativeTarget "ArduinoTests" */ = {
			isa = XCConfigurationList;
			buildConfigurations = (
				659F6D9219162292004C3102 /* Debug */,
				659F6D9319162292004C3102 /* Release */,
			);
			defaultConfigurationIsVisible = 0;
			defaultConfigurationName = Release;
		};
/* End XCConfigurationList section */
	};
	rootObject = 659F6D5419162292004C3102 /* Project object */;
}
